
Microsoft Visual Studio Solution File, Format Version 12.00
# Visual Studio Version 16
VisualStudioVersion = 16.0.30114.105
MinimumVisualStudioVersion = 10.0.40219.1
Project("{2150E333-8FDC-42A3-9474-1A3956D46DE8}") = "API", "API", "{28E3ED78-8BB5-423D-9931-6476693AC7DD}"
EndProject
Project("{2150E333-8FDC-42A3-9474-1A3956D46DE8}") = "Bus", "Bus", "{9E96D7D0-6C8F-4EA2-A624-EBED0A0DA908}"
EndProject
Project("{2150E333-8FDC-42A3-9474-1A3956D46DE8}") = "Data", "Data", "{D188ABFB-9040-4ECD-B687-449768574931}"
EndProject
Project("{2150E333-8FDC-42A3-9474-1A3956D46DE8}") = "Domain", "Domain", "{35D31F8D-E86D-4E25-AA6D-53AE559F5079}"
EndProject
Project("{2150E333-8FDC-42A3-9474-1A3956D46DE8}") = "tests", "tests", "{F181B133-F22C-4BF4-88F6-B96FE5A416FB}"
EndProject
Project("{2150E333-8FDC-42A3-9474-1A3956D46DE8}") = "src", "src", "{23AC2BB6-2920-4A14-9189-1C0A18BE4105}"
EndProject
Project("{2150E333-8FDC-42A3-9474-1A3956D46DE8}") = "src", "src", "{8CBFCAAE-589F-4AC2-96E8-E217070C333A}"
EndProject
Project("{2150E333-8FDC-42A3-9474-1A3956D46DE8}") = "src", "src", "{F7D67794-41A1-4F15-A5C1-3037084DB621}"
EndProject
Project("{2150E333-8FDC-42A3-9474-1A3956D46DE8}") = "tests", "tests", "{C78192B6-CBBF-4516-AED7-981812DBCE38}"
EndProject
Project("{9A19103F-16F7-4668-BE54-9A1E7A4F7556}") = "Praticis.Framework.Bus.Abstractions", "src\Bus\Praticis.Framework.Bus.Abstractions\Praticis.Framework.Bus.Abstractions.csproj", "{EA4E53E9-5CB8-4F9D-854E-A1DFED997C3D}"
EndProject
Project("{9A19103F-16F7-4668-BE54-9A1E7A4F7556}") = "Praticis.Framework.Bus", "src\Bus\Praticis.Framework.Bus\Praticis.Framework.Bus.csproj", "{05DFC112-79E4-4698-8D6C-B41B94A52BB3}"
EndProject
Project("{2150E333-8FDC-42A3-9474-1A3956D46DE8}") = "src", "src", "{689CE246-1494-4B12-9C0B-532F454A2FD4}"
EndProject
Project("{9A19103F-16F7-4668-BE54-9A1E7A4F7556}") = "Praticis.Framework.Tests.Bus.Abstractions", "tests\Bus\Praticis.Framework.Tests.Bus.Abstractions\Praticis.Framework.Tests.Bus.Abstractions.csproj", "{5FA6D498-6BE6-4888-9D8C-52349C926F31}"
EndProject
Project("{9A19103F-16F7-4668-BE54-9A1E7A4F7556}") = "Praticis.Framework.Tests.Bus", "tests\Bus\Praticis.Framework.Tests.Bus\Praticis.Framework.Tests.Bus.csproj", "{797C8A9A-108C-401A-AA0F-62A81089657C}"
EndProject
Project("{9A19103F-16F7-4668-BE54-9A1E7A4F7556}") = "Praticis.Framework.API.Response", "src\API\Praticis.Framework.API.Response\Praticis.Framework.API.Response.csproj", "{E6F94E9F-14D0-45C5-811D-A97E30197E93}"
EndProject
Project("{9A19103F-16F7-4668-BE54-9A1E7A4F7556}") = "Praticis.Extensions.Microsoft.DependencyInjection", "src\Bus\Praticis.Extensions.Microsoft.DependencyInjection\Praticis.Extensions.Microsoft.DependencyInjection.csproj", "{1A6721A5-9506-498C-9319-57CFF0931EDE}"
EndProject
Project("{9A19103F-16F7-4668-BE54-9A1E7A4F7556}") = "Praticis.Framework.Layers.Domain.Abstractions", "src\Domain\Praticis.Framework.Layers.Domain.Abstractions\Praticis.Framework.Layers.Domain.Abstractions.csproj", "{BEA2C64B-64B6-4C61-9C47-DEAF4A5842D2}"
EndProject
Project("{9A19103F-16F7-4668-BE54-9A1E7A4F7556}") = "Praticis.Framework.Tests.Layers.Domain.Abstractions", "tests\Domain\Praticis.Framework.Tests.Layers.Domain.Abstractions\Praticis.Framework.Tests.Layers.Domain.Abstractions.csproj", "{A79B59BB-DAC2-45F9-9354-2A7D06E95FD4}"
EndProject
Project("{9A19103F-16F7-4668-BE54-9A1E7A4F7556}") = "Praticis.Framework.Layers.Data.Abstractions", "src\Data\Praticis.Framework.Layers.Data.Abstractions\Praticis.Framework.Layers.Data.Abstractions.csproj", "{AAB28821-62C7-4F97-96BC-EF7C4E7E33B9}"
EndProject
Project("{9A19103F-16F7-4668-BE54-9A1E7A4F7556}") = "Praticis.Framework.Server.Data.MongoDB.Abstractions", "src\Data\Praticis.Framework.Server.Data.MongoDB.Abstractions\Praticis.Framework.Server.Data.MongoDB.Abstractions.csproj", "{7B5A8CA4-E978-4245-B352-A32F7E8D9D95}"
EndProject
Project("{9A19103F-16F7-4668-BE54-9A1E7A4F7556}") = "Praticis.Framework.Server.Data.MongoDB.Read", "src\Data\Praticis.Framework.Server.Data.MongoDB.Read\Praticis.Framework.Server.Data.MongoDB.Read.csproj", "{75EECFCA-F71D-4833-8B4D-C7EBFC731FA6}"
EndProject
Project("{9A19103F-16F7-4668-BE54-9A1E7A4F7556}") = "Praticis.Framework.Server.Data.MongoDB.Write", "src\Data\Praticis.Framework.Server.Data.MongoDB.Write\Praticis.Framework.Server.Data.MongoDB.Write.csproj", "{2B6E519E-7D31-4BF2-96F9-D2331D7BDC55}"
EndProject
Project("{9A19103F-16F7-4668-BE54-9A1E7A4F7556}") = "Praticis.Framework.Server.Data.EntityFrameworkCore.Read", "src\Data\Praticis.Framework.Server.Data.EntityFrameworkCore.Read\Praticis.Framework.Server.Data.EntityFrameworkCore.Read.csproj", "{20BA6021-4BF2-4895-B134-592867A64955}"
EndProject
Project("{9A19103F-16F7-4668-BE54-9A1E7A4F7556}") = "Praticis.Framework.Server.Data.EntityFrameworkCore.Write", "src\Data\Praticis.Framework.Server.Data.EntityFrameworkCore.Write\Praticis.Framework.Server.Data.EntityFrameworkCore.Write.csproj", "{F1315789-0AEF-4B1B-AD2B-4814D46FEA11}"
EndProject
Global
	GlobalSection(SolutionConfigurationPlatforms) = preSolution
		Debug|Any CPU = Debug|Any CPU
		Debug|x64 = Debug|x64
		Debug|x86 = Debug|x86
		Release|Any CPU = Release|Any CPU
		Release|x64 = Release|x64
		Release|x86 = Release|x86
	EndGlobalSection
	GlobalSection(ProjectConfigurationPlatforms) = postSolution
		{EA4E53E9-5CB8-4F9D-854E-A1DFED997C3D}.Debug|Any CPU.ActiveCfg = Debug|Any CPU
		{EA4E53E9-5CB8-4F9D-854E-A1DFED997C3D}.Debug|Any CPU.Build.0 = Debug|Any CPU
		{EA4E53E9-5CB8-4F9D-854E-A1DFED997C3D}.Debug|x64.ActiveCfg = Debug|Any CPU
		{EA4E53E9-5CB8-4F9D-854E-A1DFED997C3D}.Debug|x64.Build.0 = Debug|Any CPU
		{EA4E53E9-5CB8-4F9D-854E-A1DFED997C3D}.Debug|x86.ActiveCfg = Debug|Any CPU
		{EA4E53E9-5CB8-4F9D-854E-A1DFED997C3D}.Debug|x86.Build.0 = Debug|Any CPU
		{EA4E53E9-5CB8-4F9D-854E-A1DFED997C3D}.Release|Any CPU.ActiveCfg = Release|Any CPU
		{EA4E53E9-5CB8-4F9D-854E-A1DFED997C3D}.Release|Any CPU.Build.0 = Release|Any CPU
		{EA4E53E9-5CB8-4F9D-854E-A1DFED997C3D}.Release|x64.ActiveCfg = Release|Any CPU
		{EA4E53E9-5CB8-4F9D-854E-A1DFED997C3D}.Release|x64.Build.0 = Release|Any CPU
		{EA4E53E9-5CB8-4F9D-854E-A1DFED997C3D}.Release|x86.ActiveCfg = Release|Any CPU
		{EA4E53E9-5CB8-4F9D-854E-A1DFED997C3D}.Release|x86.Build.0 = Release|Any CPU
		{05DFC112-79E4-4698-8D6C-B41B94A52BB3}.Debug|Any CPU.ActiveCfg = Debug|Any CPU
		{05DFC112-79E4-4698-8D6C-B41B94A52BB3}.Debug|Any CPU.Build.0 = Debug|Any CPU
		{05DFC112-79E4-4698-8D6C-B41B94A52BB3}.Debug|x64.ActiveCfg = Debug|Any CPU
		{05DFC112-79E4-4698-8D6C-B41B94A52BB3}.Debug|x64.Build.0 = Debug|Any CPU
		{05DFC112-79E4-4698-8D6C-B41B94A52BB3}.Debug|x86.ActiveCfg = Debug|Any CPU
		{05DFC112-79E4-4698-8D6C-B41B94A52BB3}.Debug|x86.Build.0 = Debug|Any CPU
		{05DFC112-79E4-4698-8D6C-B41B94A52BB3}.Release|Any CPU.ActiveCfg = Release|Any CPU
		{05DFC112-79E4-4698-8D6C-B41B94A52BB3}.Release|Any CPU.Build.0 = Release|Any CPU
		{05DFC112-79E4-4698-8D6C-B41B94A52BB3}.Release|x64.ActiveCfg = Release|Any CPU
		{05DFC112-79E4-4698-8D6C-B41B94A52BB3}.Release|x64.Build.0 = Release|Any CPU
		{05DFC112-79E4-4698-8D6C-B41B94A52BB3}.Release|x86.ActiveCfg = Release|Any CPU
		{05DFC112-79E4-4698-8D6C-B41B94A52BB3}.Release|x86.Build.0 = Release|Any CPU
		{5FA6D498-6BE6-4888-9D8C-52349C926F31}.Debug|Any CPU.ActiveCfg = Debug|Any CPU
		{5FA6D498-6BE6-4888-9D8C-52349C926F31}.Debug|Any CPU.Build.0 = Debug|Any CPU
		{5FA6D498-6BE6-4888-9D8C-52349C926F31}.Debug|x64.ActiveCfg = Debug|Any CPU
		{5FA6D498-6BE6-4888-9D8C-52349C926F31}.Debug|x64.Build.0 = Debug|Any CPU
		{5FA6D498-6BE6-4888-9D8C-52349C926F31}.Debug|x86.ActiveCfg = Debug|Any CPU
		{5FA6D498-6BE6-4888-9D8C-52349C926F31}.Debug|x86.Build.0 = Debug|Any CPU
		{5FA6D498-6BE6-4888-9D8C-52349C926F31}.Release|Any CPU.ActiveCfg = Release|Any CPU
		{5FA6D498-6BE6-4888-9D8C-52349C926F31}.Release|Any CPU.Build.0 = Release|Any CPU
		{5FA6D498-6BE6-4888-9D8C-52349C926F31}.Release|x64.ActiveCfg = Release|Any CPU
		{5FA6D498-6BE6-4888-9D8C-52349C926F31}.Release|x64.Build.0 = Release|Any CPU
		{5FA6D498-6BE6-4888-9D8C-52349C926F31}.Release|x86.ActiveCfg = Release|Any CPU
		{5FA6D498-6BE6-4888-9D8C-52349C926F31}.Release|x86.Build.0 = Release|Any CPU
		{797C8A9A-108C-401A-AA0F-62A81089657C}.Debug|Any CPU.ActiveCfg = Debug|Any CPU
		{797C8A9A-108C-401A-AA0F-62A81089657C}.Debug|Any CPU.Build.0 = Debug|Any CPU
		{797C8A9A-108C-401A-AA0F-62A81089657C}.Debug|x64.ActiveCfg = Debug|Any CPU
		{797C8A9A-108C-401A-AA0F-62A81089657C}.Debug|x64.Build.0 = Debug|Any CPU
		{797C8A9A-108C-401A-AA0F-62A81089657C}.Debug|x86.ActiveCfg = Debug|Any CPU
		{797C8A9A-108C-401A-AA0F-62A81089657C}.Debug|x86.Build.0 = Debug|Any CPU
		{797C8A9A-108C-401A-AA0F-62A81089657C}.Release|Any CPU.ActiveCfg = Release|Any CPU
		{797C8A9A-108C-401A-AA0F-62A81089657C}.Release|Any CPU.Build.0 = Release|Any CPU
		{797C8A9A-108C-401A-AA0F-62A81089657C}.Release|x64.ActiveCfg = Release|Any CPU
		{797C8A9A-108C-401A-AA0F-62A81089657C}.Release|x64.Build.0 = Release|Any CPU
		{797C8A9A-108C-401A-AA0F-62A81089657C}.Release|x86.ActiveCfg = Release|Any CPU
		{797C8A9A-108C-401A-AA0F-62A81089657C}.Release|x86.Build.0 = Release|Any CPU
		{E6F94E9F-14D0-45C5-811D-A97E30197E93}.Debug|Any CPU.ActiveCfg = Debug|Any CPU
		{E6F94E9F-14D0-45C5-811D-A97E30197E93}.Debug|Any CPU.Build.0 = Debug|Any CPU
		{E6F94E9F-14D0-45C5-811D-A97E30197E93}.Debug|x64.ActiveCfg = Debug|Any CPU
		{E6F94E9F-14D0-45C5-811D-A97E30197E93}.Debug|x64.Build.0 = Debug|Any CPU
		{E6F94E9F-14D0-45C5-811D-A97E30197E93}.Debug|x86.ActiveCfg = Debug|Any CPU
		{E6F94E9F-14D0-45C5-811D-A97E30197E93}.Debug|x86.Build.0 = Debug|Any CPU
		{E6F94E9F-14D0-45C5-811D-A97E30197E93}.Release|Any CPU.ActiveCfg = Release|Any CPU
		{E6F94E9F-14D0-45C5-811D-A97E30197E93}.Release|Any CPU.Build.0 = Release|Any CPU
		{E6F94E9F-14D0-45C5-811D-A97E30197E93}.Release|x64.ActiveCfg = Release|Any CPU
		{E6F94E9F-14D0-45C5-811D-A97E30197E93}.Release|x64.Build.0 = Release|Any CPU
		{E6F94E9F-14D0-45C5-811D-A97E30197E93}.Release|x86.ActiveCfg = Release|Any CPU
		{E6F94E9F-14D0-45C5-811D-A97E30197E93}.Release|x86.Build.0 = Release|Any CPU
		{1A6721A5-9506-498C-9319-57CFF0931EDE}.Debug|Any CPU.ActiveCfg = Debug|Any CPU
		{1A6721A5-9506-498C-9319-57CFF0931EDE}.Debug|Any CPU.Build.0 = Debug|Any CPU
		{1A6721A5-9506-498C-9319-57CFF0931EDE}.Debug|x64.ActiveCfg = Debug|Any CPU
		{1A6721A5-9506-498C-9319-57CFF0931EDE}.Debug|x64.Build.0 = Debug|Any CPU
		{1A6721A5-9506-498C-9319-57CFF0931EDE}.Debug|x86.ActiveCfg = Debug|Any CPU
		{1A6721A5-9506-498C-9319-57CFF0931EDE}.Debug|x86.Build.0 = Debug|Any CPU
		{1A6721A5-9506-498C-9319-57CFF0931EDE}.Release|Any CPU.ActiveCfg = Release|Any CPU
		{1A6721A5-9506-498C-9319-57CFF0931EDE}.Release|Any CPU.Build.0 = Release|Any CPU
		{1A6721A5-9506-498C-9319-57CFF0931EDE}.Release|x64.ActiveCfg = Release|Any CPU
		{1A6721A5-9506-498C-9319-57CFF0931EDE}.Release|x64.Build.0 = Release|Any CPU
		{1A6721A5-9506-498C-9319-57CFF0931EDE}.Release|x86.ActiveCfg = Release|Any CPU
		{1A6721A5-9506-498C-9319-57CFF0931EDE}.Release|x86.Build.0 = Release|Any CPU
		{BEA2C64B-64B6-4C61-9C47-DEAF4A5842D2}.Debug|Any CPU.ActiveCfg = Debug|Any CPU
		{BEA2C64B-64B6-4C61-9C47-DEAF4A5842D2}.Debug|Any CPU.Build.0 = Debug|Any CPU
		{BEA2C64B-64B6-4C61-9C47-DEAF4A5842D2}.Debug|x64.ActiveCfg = Debug|Any CPU
		{BEA2C64B-64B6-4C61-9C47-DEAF4A5842D2}.Debug|x64.Build.0 = Debug|Any CPU
		{BEA2C64B-64B6-4C61-9C47-DEAF4A5842D2}.Debug|x86.ActiveCfg = Debug|Any CPU
		{BEA2C64B-64B6-4C61-9C47-DEAF4A5842D2}.Debug|x86.Build.0 = Debug|Any CPU
		{BEA2C64B-64B6-4C61-9C47-DEAF4A5842D2}.Release|Any CPU.ActiveCfg = Release|Any CPU
		{BEA2C64B-64B6-4C61-9C47-DEAF4A5842D2}.Release|Any CPU.Build.0 = Release|Any CPU
		{BEA2C64B-64B6-4C61-9C47-DEAF4A5842D2}.Release|x64.ActiveCfg = Release|Any CPU
		{BEA2C64B-64B6-4C61-9C47-DEAF4A5842D2}.Release|x64.Build.0 = Release|Any CPU
		{BEA2C64B-64B6-4C61-9C47-DEAF4A5842D2}.Release|x86.ActiveCfg = Release|Any CPU
		{BEA2C64B-64B6-4C61-9C47-DEAF4A5842D2}.Release|x86.Build.0 = Release|Any CPU
		{A79B59BB-DAC2-45F9-9354-2A7D06E95FD4}.Debug|Any CPU.ActiveCfg = Debug|Any CPU
		{A79B59BB-DAC2-45F9-9354-2A7D06E95FD4}.Debug|Any CPU.Build.0 = Debug|Any CPU
		{A79B59BB-DAC2-45F9-9354-2A7D06E95FD4}.Debug|x64.ActiveCfg = Debug|Any CPU
		{A79B59BB-DAC2-45F9-9354-2A7D06E95FD4}.Debug|x64.Build.0 = Debug|Any CPU
		{A79B59BB-DAC2-45F9-9354-2A7D06E95FD4}.Debug|x86.ActiveCfg = Debug|Any CPU
		{A79B59BB-DAC2-45F9-9354-2A7D06E95FD4}.Debug|x86.Build.0 = Debug|Any CPU
		{A79B59BB-DAC2-45F9-9354-2A7D06E95FD4}.Release|Any CPU.ActiveCfg = Release|Any CPU
		{A79B59BB-DAC2-45F9-9354-2A7D06E95FD4}.Release|Any CPU.Build.0 = Release|Any CPU
		{A79B59BB-DAC2-45F9-9354-2A7D06E95FD4}.Release|x64.ActiveCfg = Release|Any CPU
		{A79B59BB-DAC2-45F9-9354-2A7D06E95FD4}.Release|x64.Build.0 = Release|Any CPU
		{A79B59BB-DAC2-45F9-9354-2A7D06E95FD4}.Release|x86.ActiveCfg = Release|Any CPU
		{A79B59BB-DAC2-45F9-9354-2A7D06E95FD4}.Release|x86.Build.0 = Release|Any CPU
		{AAB28821-62C7-4F97-96BC-EF7C4E7E33B9}.Debug|Any CPU.ActiveCfg = Debug|Any CPU
		{AAB28821-62C7-4F97-96BC-EF7C4E7E33B9}.Debug|Any CPU.Build.0 = Debug|Any CPU
		{AAB28821-62C7-4F97-96BC-EF7C4E7E33B9}.Debug|x64.ActiveCfg = Debug|Any CPU
		{AAB28821-62C7-4F97-96BC-EF7C4E7E33B9}.Debug|x64.Build.0 = Debug|Any CPU
		{AAB28821-62C7-4F97-96BC-EF7C4E7E33B9}.Debug|x86.ActiveCfg = Debug|Any CPU
		{AAB28821-62C7-4F97-96BC-EF7C4E7E33B9}.Debug|x86.Build.0 = Debug|Any CPU
		{AAB28821-62C7-4F97-96BC-EF7C4E7E33B9}.Release|Any CPU.ActiveCfg = Release|Any CPU
		{AAB28821-62C7-4F97-96BC-EF7C4E7E33B9}.Release|Any CPU.Build.0 = Release|Any CPU
		{AAB28821-62C7-4F97-96BC-EF7C4E7E33B9}.Release|x64.ActiveCfg = Release|Any CPU
		{AAB28821-62C7-4F97-96BC-EF7C4E7E33B9}.Release|x64.Build.0 = Release|Any CPU
		{AAB28821-62C7-4F97-96BC-EF7C4E7E33B9}.Release|x86.ActiveCfg = Release|Any CPU
		{AAB28821-62C7-4F97-96BC-EF7C4E7E33B9}.Release|x86.Build.0 = Release|Any CPU
		{7B5A8CA4-E978-4245-B352-A32F7E8D9D95}.Debug|Any CPU.ActiveCfg = Debug|Any CPU
		{7B5A8CA4-E978-4245-B352-A32F7E8D9D95}.Debug|Any CPU.Build.0 = Debug|Any CPU
		{7B5A8CA4-E978-4245-B352-A32F7E8D9D95}.Debug|x64.ActiveCfg = Debug|Any CPU
		{7B5A8CA4-E978-4245-B352-A32F7E8D9D95}.Debug|x64.Build.0 = Debug|Any CPU
		{7B5A8CA4-E978-4245-B352-A32F7E8D9D95}.Debug|x86.ActiveCfg = Debug|Any CPU
		{7B5A8CA4-E978-4245-B352-A32F7E8D9D95}.Debug|x86.Build.0 = Debug|Any CPU
		{7B5A8CA4-E978-4245-B352-A32F7E8D9D95}.Release|Any CPU.ActiveCfg = Release|Any CPU
		{7B5A8CA4-E978-4245-B352-A32F7E8D9D95}.Release|Any CPU.Build.0 = Release|Any CPU
		{7B5A8CA4-E978-4245-B352-A32F7E8D9D95}.Release|x64.ActiveCfg = Release|Any CPU
		{7B5A8CA4-E978-4245-B352-A32F7E8D9D95}.Release|x64.Build.0 = Release|Any CPU
		{7B5A8CA4-E978-4245-B352-A32F7E8D9D95}.Release|x86.ActiveCfg = Release|Any CPU
		{7B5A8CA4-E978-4245-B352-A32F7E8D9D95}.Release|x86.Build.0 = Release|Any CPU
		{75EECFCA-F71D-4833-8B4D-C7EBFC731FA6}.Debug|Any CPU.ActiveCfg = Debug|Any CPU
		{75EECFCA-F71D-4833-8B4D-C7EBFC731FA6}.Debug|Any CPU.Build.0 = Debug|Any CPU
		{75EECFCA-F71D-4833-8B4D-C7EBFC731FA6}.Debug|x64.ActiveCfg = Debug|Any CPU
		{75EECFCA-F71D-4833-8B4D-C7EBFC731FA6}.Debug|x64.Build.0 = Debug|Any CPU
		{75EECFCA-F71D-4833-8B4D-C7EBFC731FA6}.Debug|x86.ActiveCfg = Debug|Any CPU
		{75EECFCA-F71D-4833-8B4D-C7EBFC731FA6}.Debug|x86.Build.0 = Debug|Any CPU
		{75EECFCA-F71D-4833-8B4D-C7EBFC731FA6}.Release|Any CPU.ActiveCfg = Release|Any CPU
		{75EECFCA-F71D-4833-8B4D-C7EBFC731FA6}.Release|Any CPU.Build.0 = Release|Any CPU
		{75EECFCA-F71D-4833-8B4D-C7EBFC731FA6}.Release|x64.ActiveCfg = Release|Any CPU
		{75EECFCA-F71D-4833-8B4D-C7EBFC731FA6}.Release|x64.Build.0 = Release|Any CPU
		{75EECFCA-F71D-4833-8B4D-C7EBFC731FA6}.Release|x86.ActiveCfg = Release|Any CPU
		{75EECFCA-F71D-4833-8B4D-C7EBFC731FA6}.Release|x86.Build.0 = Release|Any CPU
		{2B6E519E-7D31-4BF2-96F9-D2331D7BDC55}.Debug|Any CPU.ActiveCfg = Debug|Any CPU
		{2B6E519E-7D31-4BF2-96F9-D2331D7BDC55}.Debug|Any CPU.Build.0 = Debug|Any CPU
		{2B6E519E-7D31-4BF2-96F9-D2331D7BDC55}.Debug|x64.ActiveCfg = Debug|Any CPU
		{2B6E519E-7D31-4BF2-96F9-D2331D7BDC55}.Debug|x64.Build.0 = Debug|Any CPU
		{2B6E519E-7D31-4BF2-96F9-D2331D7BDC55}.Debug|x86.ActiveCfg = Debug|Any CPU
		{2B6E519E-7D31-4BF2-96F9-D2331D7BDC55}.Debug|x86.Build.0 = Debug|Any CPU
		{2B6E519E-7D31-4BF2-96F9-D2331D7BDC55}.Release|Any CPU.ActiveCfg = Release|Any CPU
		{2B6E519E-7D31-4BF2-96F9-D2331D7BDC55}.Release|Any CPU.Build.0 = Release|Any CPU
		{2B6E519E-7D31-4BF2-96F9-D2331D7BDC55}.Release|x64.ActiveCfg = Release|Any CPU
		{2B6E519E-7D31-4BF2-96F9-D2331D7BDC55}.Release|x64.Build.0 = Release|Any CPU
		{2B6E519E-7D31-4BF2-96F9-D2331D7BDC55}.Release|x86.ActiveCfg = Release|Any CPU
		{2B6E519E-7D31-4BF2-96F9-D2331D7BDC55}.Release|x86.Build.0 = Release|Any CPU
		{20BA6021-4BF2-4895-B134-592867A64955}.Debug|Any CPU.ActiveCfg = Debug|Any CPU
		{20BA6021-4BF2-4895-B134-592867A64955}.Debug|Any CPU.Build.0 = Debug|Any CPU
		{20BA6021-4BF2-4895-B134-592867A64955}.Debug|x64.ActiveCfg = Debug|Any CPU
		{20BA6021-4BF2-4895-B134-592867A64955}.Debug|x64.Build.0 = Debug|Any CPU
		{20BA6021-4BF2-4895-B134-592867A64955}.Debug|x86.ActiveCfg = Debug|Any CPU
		{20BA6021-4BF2-4895-B134-592867A64955}.Debug|x86.Build.0 = Debug|Any CPU
		{20BA6021-4BF2-4895-B134-592867A64955}.Release|Any CPU.ActiveCfg = Release|Any CPU
		{20BA6021-4BF2-4895-B134-592867A64955}.Release|Any CPU.Build.0 = Release|Any CPU
		{20BA6021-4BF2-4895-B134-592867A64955}.Release|x64.ActiveCfg = Release|Any CPU
		{20BA6021-4BF2-4895-B134-592867A64955}.Release|x64.Build.0 = Release|Any CPU
		{20BA6021-4BF2-4895-B134-592867A64955}.Release|x86.ActiveCfg = Release|Any CPU
		{20BA6021-4BF2-4895-B134-592867A64955}.Release|x86.Build.0 = Release|Any CPU
		{F1315789-0AEF-4B1B-AD2B-4814D46FEA11}.Debug|Any CPU.ActiveCfg = Debug|Any CPU
		{F1315789-0AEF-4B1B-AD2B-4814D46FEA11}.Debug|Any CPU.Build.0 = Debug|Any CPU
		{F1315789-0AEF-4B1B-AD2B-4814D46FEA11}.Debug|x64.ActiveCfg = Debug|Any CPU
		{F1315789-0AEF-4B1B-AD2B-4814D46FEA11}.Debug|x64.Build.0 = Debug|Any CPU
		{F1315789-0AEF-4B1B-AD2B-4814D46FEA11}.Debug|x86.ActiveCfg = Debug|Any CPU
		{F1315789-0AEF-4B1B-AD2B-4814D46FEA11}.Debug|x86.Build.0 = Debug|Any CPU
		{F1315789-0AEF-4B1B-AD2B-4814D46FEA11}.Release|Any CPU.ActiveCfg = Release|Any CPU
		{F1315789-0AEF-4B1B-AD2B-4814D46FEA11}.Release|Any CPU.Build.0 = Release|Any CPU
		{F1315789-0AEF-4B1B-AD2B-4814D46FEA11}.Release|x64.ActiveCfg = Release|Any CPU
		{F1315789-0AEF-4B1B-AD2B-4814D46FEA11}.Release|x64.Build.0 = Release|Any CPU
		{F1315789-0AEF-4B1B-AD2B-4814D46FEA11}.Release|x86.ActiveCfg = Release|Any CPU
		{F1315789-0AEF-4B1B-AD2B-4814D46FEA11}.Release|x86.Build.0 = Release|Any CPU
	EndGlobalSection
	GlobalSection(SolutionProperties) = preSolution
		HideSolutionNode = FALSE
	EndGlobalSection
	GlobalSection(NestedProjects) = preSolution
		{F181B133-F22C-4BF4-88F6-B96FE5A416FB} = {9E96D7D0-6C8F-4EA2-A624-EBED0A0DA908}
		{23AC2BB6-2920-4A14-9189-1C0A18BE4105} = {28E3ED78-8BB5-423D-9931-6476693AC7DD}
		{8CBFCAAE-589F-4AC2-96E8-E217070C333A} = {D188ABFB-9040-4ECD-B687-449768574931}
		{F7D67794-41A1-4F15-A5C1-3037084DB621} = {35D31F8D-E86D-4E25-AA6D-53AE559F5079}
		{C78192B6-CBBF-4516-AED7-981812DBCE38} = {35D31F8D-E86D-4E25-AA6D-53AE559F5079}
		{EA4E53E9-5CB8-4F9D-854E-A1DFED997C3D} = {689CE246-1494-4B12-9C0B-532F454A2FD4}
		{05DFC112-79E4-4698-8D6C-B41B94A52BB3} = {689CE246-1494-4B12-9C0B-532F454A2FD4}
		{689CE246-1494-4B12-9C0B-532F454A2FD4} = {9E96D7D0-6C8F-4EA2-A624-EBED0A0DA908}
		{5FA6D498-6BE6-4888-9D8C-52349C926F31} = {F181B133-F22C-4BF4-88F6-B96FE5A416FB}
		{797C8A9A-108C-401A-AA0F-62A81089657C} = {F181B133-F22C-4BF4-88F6-B96FE5A416FB}
		{E6F94E9F-14D0-45C5-811D-A97E30197E93} = {23AC2BB6-2920-4A14-9189-1C0A18BE4105}
		{1A6721A5-9506-498C-9319-57CFF0931EDE} = {689CE246-1494-4B12-9C0B-532F454A2FD4}
		{BEA2C64B-64B6-4C61-9C47-DEAF4A5842D2} = {F7D67794-41A1-4F15-A5C1-3037084DB621}
		{A79B59BB-DAC2-45F9-9354-2A7D06E95FD4} = {C78192B6-CBBF-4516-AED7-981812DBCE38}
		{AAB28821-62C7-4F97-96BC-EF7C4E7E33B9} = {8CBFCAAE-589F-4AC2-96E8-E217070C333A}
		{7B5A8CA4-E978-4245-B352-A32F7E8D9D95} = {8CBFCAAE-589F-4AC2-96E8-E217070C333A}
		{75EECFCA-F71D-4833-8B4D-C7EBFC731FA6} = {8CBFCAAE-589F-4AC2-96E8-E217070C333A}
		{2B6E519E-7D31-4BF2-96F9-D2331D7BDC55} = {8CBFCAAE-589F-4AC2-96E8-E217070C333A}
		{20BA6021-4BF2-4895-B134-592867A64955} = {8CBFCAAE-589F-4AC2-96E8-E217070C333A}
		{F1315789-0AEF-4B1B-AD2B-4814D46FEA11} = {8CBFCAAE-589F-4AC2-96E8-E217070C333A}
	EndGlobalSection
	GlobalSection(ExtensibilityGlobals) = postSolution
		SolutionGuid = {07A97C25-272F-442B-A653-B42FAE18F88A}
	EndGlobalSection
EndGlobal
