
Microsoft Visual Studio Solution File, Format Version 12.00
# Visual Studio Version 16
VisualStudioVersion = 16.0.30114.105
MinimumVisualStudioVersion = 10.0.40219.1
Project("{9A19103F-16F7-4668-BE54-9A1E7A4F7556}") = "Praticis.Framework.Bus", "src\libraries\Praticis.Framework.Bus\src\Praticis.Framework.Bus.csproj", "{71D5610B-1951-43A5-81CA-F0EB79EF077C}"
EndProject
Project("{9A19103F-16F7-4668-BE54-9A1E7A4F7556}") = "Praticis.Extensions.Microsoft.DependencyInjection", "src\libraries\Praticis.Extensions.Microsoft.DependencyInjection\src\Praticis.Extensions.Microsoft.DependencyInjection.csproj", "{1839F5AB-5F45-417B-8DD5-5FE4FE9AC5FC}"
EndProject
Project("{9A19103F-16F7-4668-BE54-9A1E7A4F7556}") = "Praticis.Framework.AspNetCore.Response", "src\libraries\Praticis.Framework.AspNetCore.Response\src\Praticis.Framework.AspNetCore.Response.csproj", "{1AE4167B-34CE-4D97-AC69-4CA341CACC79}"
EndProject
Project("{9A19103F-16F7-4668-BE54-9A1E7A4F7556}") = "Praticis.Framework.Bus.Abstractions", "src\libraries\Praticis.Framework.Bus.Abstractions\src\Praticis.Framework.Bus.Abstractions.csproj", "{3F0F30B3-1188-48F4-B2AF-96560589C5CF}"
EndProject
Project("{9A19103F-16F7-4668-BE54-9A1E7A4F7556}") = "Praticis.Framework.Layers.Data.Abstractions", "src\libraries\Praticis.Framework.Layers.Data.Abstractions\src\Praticis.Framework.Layers.Data.Abstractions.csproj", "{94C95F32-E16A-4784-89C5-FA15B4BBDAA8}"
EndProject
Project("{9A19103F-16F7-4668-BE54-9A1E7A4F7556}") = "Praticis.Framework.Layers.Domain.Abstractions", "src\libraries\Praticis.Framework.Layers.Domain.Abstractions\src\Praticis.Framework.Layers.Domain.Abstractions.csproj", "{A3FA3BAA-F7BE-4C73-AC0F-84447D19965E}"
EndProject
Project("{9A19103F-16F7-4668-BE54-9A1E7A4F7556}") = "Praticis.Framework.Server.Data.Read.EFCore", "src\libraries\Praticis.Framework.Server.Data.Read.EFCore\src\Praticis.Framework.Server.Data.Read.EFCore.csproj", "{4324AADB-A9A0-4322-8BFF-56A991F76CBE}"
EndProject
Project("{9A19103F-16F7-4668-BE54-9A1E7A4F7556}") = "Praticis.Framework.Server.Data.Write.EFCore", "src\libraries\Praticis.Framework.Server.Data.Write.EFCore\src\Praticis.Framework.Server.Data.Write.EFCore.csproj", "{9A359BC7-1544-4B41-B629-E6B8F47A403B}"
EndProject
Project("{2150E333-8FDC-42A3-9474-1A3956D46DE8}") = "AspNet", "AspNet", "{28E3ED78-8BB5-423D-9931-6476693AC7DD}"
EndProject
Project("{2150E333-8FDC-42A3-9474-1A3956D46DE8}") = "Bus", "Bus", "{9E96D7D0-6C8F-4EA2-A624-EBED0A0DA908}"
EndProject
Project("{2150E333-8FDC-42A3-9474-1A3956D46DE8}") = "Data", "Data", "{D188ABFB-9040-4ECD-B687-449768574931}"
EndProject
Project("{2150E333-8FDC-42A3-9474-1A3956D46DE8}") = "Domain", "Domain", "{35D31F8D-E86D-4E25-AA6D-53AE559F5079}"
EndProject
Project("{9A19103F-16F7-4668-BE54-9A1E7A4F7556}") = "Praticis.Framework.Tests.Bus", "src\libraries\Praticis.Framework.Bus\tests\Praticis.Framework.Tests.Bus\Praticis.Framework.Tests.Bus.csproj", "{E4A2DDD8-BB38-447C-8B76-62CF55E996F7}"
EndProject
Project("{9A19103F-16F7-4668-BE54-9A1E7A4F7556}") = "Praticis.Framework.Tests.Bus.Abstractions", "src\libraries\Praticis.Framework.Bus.Abstractions\tests\Praticis.Framework.Tests.Bus.Abstractions\Praticis.Framework.Tests.Bus.Abstractions.csproj", "{C1DB82AD-DA85-4BB3-86AF-60185F91B17B}"
EndProject
Project("{9A19103F-16F7-4668-BE54-9A1E7A4F7556}") = "Praticis.Framework.Tests.Layers.Domain.Abstractions", "src\libraries\Praticis.Framework.Layers.Domain.Abstractions\tests\Praticis.Framework.Tests.Layers.Domain.Abstractions\Praticis.Framework.Tests.Layers.Domain.Abstractions.csproj", "{74883843-E4F6-427C-AC5B-FD3DDDCDA365}"
EndProject
Project("{2150E333-8FDC-42A3-9474-1A3956D46DE8}") = "src", "src", "{60E83807-8C1A-48A3-9B52-98DD8F504DDD}"
EndProject
Project("{2150E333-8FDC-42A3-9474-1A3956D46DE8}") = "test", "test", "{F181B133-F22C-4BF4-88F6-B96FE5A416FB}"
EndProject
Project("{2150E333-8FDC-42A3-9474-1A3956D46DE8}") = "src", "src", "{23AC2BB6-2920-4A14-9189-1C0A18BE4105}"
EndProject
Project("{2150E333-8FDC-42A3-9474-1A3956D46DE8}") = "src", "src", "{8CBFCAAE-589F-4AC2-96E8-E217070C333A}"
EndProject
Project("{2150E333-8FDC-42A3-9474-1A3956D46DE8}") = "src", "src", "{F7D67794-41A1-4F15-A5C1-3037084DB621}"
EndProject
Project("{2150E333-8FDC-42A3-9474-1A3956D46DE8}") = "test", "test", "{C78192B6-CBBF-4516-AED7-981812DBCE38}"
EndProject
Global
	GlobalSection(SolutionConfigurationPlatforms) = preSolution
		Debug|Any CPU = Debug|Any CPU
		Debug|x64 = Debug|x64
		Debug|x86 = Debug|x86
		Release|Any CPU = Release|Any CPU
		Release|x64 = Release|x64
		Release|x86 = Release|x86
	EndGlobalSection
	GlobalSection(ProjectConfigurationPlatforms) = postSolution
		{71D5610B-1951-43A5-81CA-F0EB79EF077C}.Debug|Any CPU.ActiveCfg = Debug|Any CPU
		{71D5610B-1951-43A5-81CA-F0EB79EF077C}.Debug|Any CPU.Build.0 = Debug|Any CPU
		{71D5610B-1951-43A5-81CA-F0EB79EF077C}.Debug|x64.ActiveCfg = Debug|Any CPU
		{71D5610B-1951-43A5-81CA-F0EB79EF077C}.Debug|x64.Build.0 = Debug|Any CPU
		{71D5610B-1951-43A5-81CA-F0EB79EF077C}.Debug|x86.ActiveCfg = Debug|Any CPU
		{71D5610B-1951-43A5-81CA-F0EB79EF077C}.Debug|x86.Build.0 = Debug|Any CPU
		{71D5610B-1951-43A5-81CA-F0EB79EF077C}.Release|Any CPU.ActiveCfg = Release|Any CPU
		{71D5610B-1951-43A5-81CA-F0EB79EF077C}.Release|Any CPU.Build.0 = Release|Any CPU
		{71D5610B-1951-43A5-81CA-F0EB79EF077C}.Release|x64.ActiveCfg = Release|Any CPU
		{71D5610B-1951-43A5-81CA-F0EB79EF077C}.Release|x64.Build.0 = Release|Any CPU
		{71D5610B-1951-43A5-81CA-F0EB79EF077C}.Release|x86.ActiveCfg = Release|Any CPU
		{71D5610B-1951-43A5-81CA-F0EB79EF077C}.Release|x86.Build.0 = Release|Any CPU
		{1839F5AB-5F45-417B-8DD5-5FE4FE9AC5FC}.Debug|Any CPU.ActiveCfg = Debug|Any CPU
		{1839F5AB-5F45-417B-8DD5-5FE4FE9AC5FC}.Debug|Any CPU.Build.0 = Debug|Any CPU
		{1839F5AB-5F45-417B-8DD5-5FE4FE9AC5FC}.Debug|x64.ActiveCfg = Debug|Any CPU
		{1839F5AB-5F45-417B-8DD5-5FE4FE9AC5FC}.Debug|x64.Build.0 = Debug|Any CPU
		{1839F5AB-5F45-417B-8DD5-5FE4FE9AC5FC}.Debug|x86.ActiveCfg = Debug|Any CPU
		{1839F5AB-5F45-417B-8DD5-5FE4FE9AC5FC}.Debug|x86.Build.0 = Debug|Any CPU
		{1839F5AB-5F45-417B-8DD5-5FE4FE9AC5FC}.Release|Any CPU.ActiveCfg = Release|Any CPU
		{1839F5AB-5F45-417B-8DD5-5FE4FE9AC5FC}.Release|Any CPU.Build.0 = Release|Any CPU
		{1839F5AB-5F45-417B-8DD5-5FE4FE9AC5FC}.Release|x64.ActiveCfg = Release|Any CPU
		{1839F5AB-5F45-417B-8DD5-5FE4FE9AC5FC}.Release|x64.Build.0 = Release|Any CPU
		{1839F5AB-5F45-417B-8DD5-5FE4FE9AC5FC}.Release|x86.ActiveCfg = Release|Any CPU
		{1839F5AB-5F45-417B-8DD5-5FE4FE9AC5FC}.Release|x86.Build.0 = Release|Any CPU
		{1AE4167B-34CE-4D97-AC69-4CA341CACC79}.Debug|Any CPU.ActiveCfg = Debug|Any CPU
		{1AE4167B-34CE-4D97-AC69-4CA341CACC79}.Debug|Any CPU.Build.0 = Debug|Any CPU
		{1AE4167B-34CE-4D97-AC69-4CA341CACC79}.Debug|x64.ActiveCfg = Debug|Any CPU
		{1AE4167B-34CE-4D97-AC69-4CA341CACC79}.Debug|x64.Build.0 = Debug|Any CPU
		{1AE4167B-34CE-4D97-AC69-4CA341CACC79}.Debug|x86.ActiveCfg = Debug|Any CPU
		{1AE4167B-34CE-4D97-AC69-4CA341CACC79}.Debug|x86.Build.0 = Debug|Any CPU
		{1AE4167B-34CE-4D97-AC69-4CA341CACC79}.Release|Any CPU.ActiveCfg = Release|Any CPU
		{1AE4167B-34CE-4D97-AC69-4CA341CACC79}.Release|Any CPU.Build.0 = Release|Any CPU
		{1AE4167B-34CE-4D97-AC69-4CA341CACC79}.Release|x64.ActiveCfg = Release|Any CPU
		{1AE4167B-34CE-4D97-AC69-4CA341CACC79}.Release|x64.Build.0 = Release|Any CPU
		{1AE4167B-34CE-4D97-AC69-4CA341CACC79}.Release|x86.ActiveCfg = Release|Any CPU
		{1AE4167B-34CE-4D97-AC69-4CA341CACC79}.Release|x86.Build.0 = Release|Any CPU
		{3F0F30B3-1188-48F4-B2AF-96560589C5CF}.Debug|Any CPU.ActiveCfg = Debug|Any CPU
		{3F0F30B3-1188-48F4-B2AF-96560589C5CF}.Debug|Any CPU.Build.0 = Debug|Any CPU
		{3F0F30B3-1188-48F4-B2AF-96560589C5CF}.Debug|x64.ActiveCfg = Debug|Any CPU
		{3F0F30B3-1188-48F4-B2AF-96560589C5CF}.Debug|x64.Build.0 = Debug|Any CPU
		{3F0F30B3-1188-48F4-B2AF-96560589C5CF}.Debug|x86.ActiveCfg = Debug|Any CPU
		{3F0F30B3-1188-48F4-B2AF-96560589C5CF}.Debug|x86.Build.0 = Debug|Any CPU
		{3F0F30B3-1188-48F4-B2AF-96560589C5CF}.Release|Any CPU.ActiveCfg = Release|Any CPU
		{3F0F30B3-1188-48F4-B2AF-96560589C5CF}.Release|Any CPU.Build.0 = Release|Any CPU
		{3F0F30B3-1188-48F4-B2AF-96560589C5CF}.Release|x64.ActiveCfg = Release|Any CPU
		{3F0F30B3-1188-48F4-B2AF-96560589C5CF}.Release|x64.Build.0 = Release|Any CPU
		{3F0F30B3-1188-48F4-B2AF-96560589C5CF}.Release|x86.ActiveCfg = Release|Any CPU
		{3F0F30B3-1188-48F4-B2AF-96560589C5CF}.Release|x86.Build.0 = Release|Any CPU
		{94C95F32-E16A-4784-89C5-FA15B4BBDAA8}.Debug|Any CPU.ActiveCfg = Debug|Any CPU
		{94C95F32-E16A-4784-89C5-FA15B4BBDAA8}.Debug|Any CPU.Build.0 = Debug|Any CPU
		{94C95F32-E16A-4784-89C5-FA15B4BBDAA8}.Debug|x64.ActiveCfg = Debug|Any CPU
		{94C95F32-E16A-4784-89C5-FA15B4BBDAA8}.Debug|x64.Build.0 = Debug|Any CPU
		{94C95F32-E16A-4784-89C5-FA15B4BBDAA8}.Debug|x86.ActiveCfg = Debug|Any CPU
		{94C95F32-E16A-4784-89C5-FA15B4BBDAA8}.Debug|x86.Build.0 = Debug|Any CPU
		{94C95F32-E16A-4784-89C5-FA15B4BBDAA8}.Release|Any CPU.ActiveCfg = Release|Any CPU
		{94C95F32-E16A-4784-89C5-FA15B4BBDAA8}.Release|Any CPU.Build.0 = Release|Any CPU
		{94C95F32-E16A-4784-89C5-FA15B4BBDAA8}.Release|x64.ActiveCfg = Release|Any CPU
		{94C95F32-E16A-4784-89C5-FA15B4BBDAA8}.Release|x64.Build.0 = Release|Any CPU
		{94C95F32-E16A-4784-89C5-FA15B4BBDAA8}.Release|x86.ActiveCfg = Release|Any CPU
		{94C95F32-E16A-4784-89C5-FA15B4BBDAA8}.Release|x86.Build.0 = Release|Any CPU
		{A3FA3BAA-F7BE-4C73-AC0F-84447D19965E}.Debug|Any CPU.ActiveCfg = Debug|Any CPU
		{A3FA3BAA-F7BE-4C73-AC0F-84447D19965E}.Debug|Any CPU.Build.0 = Debug|Any CPU
		{A3FA3BAA-F7BE-4C73-AC0F-84447D19965E}.Debug|x64.ActiveCfg = Debug|Any CPU
		{A3FA3BAA-F7BE-4C73-AC0F-84447D19965E}.Debug|x64.Build.0 = Debug|Any CPU
		{A3FA3BAA-F7BE-4C73-AC0F-84447D19965E}.Debug|x86.ActiveCfg = Debug|Any CPU
		{A3FA3BAA-F7BE-4C73-AC0F-84447D19965E}.Debug|x86.Build.0 = Debug|Any CPU
		{A3FA3BAA-F7BE-4C73-AC0F-84447D19965E}.Release|Any CPU.ActiveCfg = Release|Any CPU
		{A3FA3BAA-F7BE-4C73-AC0F-84447D19965E}.Release|Any CPU.Build.0 = Release|Any CPU
		{A3FA3BAA-F7BE-4C73-AC0F-84447D19965E}.Release|x64.ActiveCfg = Release|Any CPU
		{A3FA3BAA-F7BE-4C73-AC0F-84447D19965E}.Release|x64.Build.0 = Release|Any CPU
		{A3FA3BAA-F7BE-4C73-AC0F-84447D19965E}.Release|x86.ActiveCfg = Release|Any CPU
		{A3FA3BAA-F7BE-4C73-AC0F-84447D19965E}.Release|x86.Build.0 = Release|Any CPU
		{4324AADB-A9A0-4322-8BFF-56A991F76CBE}.Debug|Any CPU.ActiveCfg = Debug|Any CPU
		{4324AADB-A9A0-4322-8BFF-56A991F76CBE}.Debug|Any CPU.Build.0 = Debug|Any CPU
		{4324AADB-A9A0-4322-8BFF-56A991F76CBE}.Debug|x64.ActiveCfg = Debug|Any CPU
		{4324AADB-A9A0-4322-8BFF-56A991F76CBE}.Debug|x64.Build.0 = Debug|Any CPU
		{4324AADB-A9A0-4322-8BFF-56A991F76CBE}.Debug|x86.ActiveCfg = Debug|Any CPU
		{4324AADB-A9A0-4322-8BFF-56A991F76CBE}.Debug|x86.Build.0 = Debug|Any CPU
		{4324AADB-A9A0-4322-8BFF-56A991F76CBE}.Release|Any CPU.ActiveCfg = Release|Any CPU
		{4324AADB-A9A0-4322-8BFF-56A991F76CBE}.Release|Any CPU.Build.0 = Release|Any CPU
		{4324AADB-A9A0-4322-8BFF-56A991F76CBE}.Release|x64.ActiveCfg = Release|Any CPU
		{4324AADB-A9A0-4322-8BFF-56A991F76CBE}.Release|x64.Build.0 = Release|Any CPU
		{4324AADB-A9A0-4322-8BFF-56A991F76CBE}.Release|x86.ActiveCfg = Release|Any CPU
		{4324AADB-A9A0-4322-8BFF-56A991F76CBE}.Release|x86.Build.0 = Release|Any CPU
		{9A359BC7-1544-4B41-B629-E6B8F47A403B}.Debug|Any CPU.ActiveCfg = Debug|Any CPU
		{9A359BC7-1544-4B41-B629-E6B8F47A403B}.Debug|Any CPU.Build.0 = Debug|Any CPU
		{9A359BC7-1544-4B41-B629-E6B8F47A403B}.Debug|x64.ActiveCfg = Debug|Any CPU
		{9A359BC7-1544-4B41-B629-E6B8F47A403B}.Debug|x64.Build.0 = Debug|Any CPU
		{9A359BC7-1544-4B41-B629-E6B8F47A403B}.Debug|x86.ActiveCfg = Debug|Any CPU
		{9A359BC7-1544-4B41-B629-E6B8F47A403B}.Debug|x86.Build.0 = Debug|Any CPU
		{9A359BC7-1544-4B41-B629-E6B8F47A403B}.Release|Any CPU.ActiveCfg = Release|Any CPU
		{9A359BC7-1544-4B41-B629-E6B8F47A403B}.Release|Any CPU.Build.0 = Release|Any CPU
		{9A359BC7-1544-4B41-B629-E6B8F47A403B}.Release|x64.ActiveCfg = Release|Any CPU
		{9A359BC7-1544-4B41-B629-E6B8F47A403B}.Release|x64.Build.0 = Release|Any CPU
		{9A359BC7-1544-4B41-B629-E6B8F47A403B}.Release|x86.ActiveCfg = Release|Any CPU
		{9A359BC7-1544-4B41-B629-E6B8F47A403B}.Release|x86.Build.0 = Release|Any CPU
		{E4A2DDD8-BB38-447C-8B76-62CF55E996F7}.Debug|Any CPU.ActiveCfg = Debug|Any CPU
		{E4A2DDD8-BB38-447C-8B76-62CF55E996F7}.Debug|Any CPU.Build.0 = Debug|Any CPU
		{E4A2DDD8-BB38-447C-8B76-62CF55E996F7}.Debug|x64.ActiveCfg = Debug|Any CPU
		{E4A2DDD8-BB38-447C-8B76-62CF55E996F7}.Debug|x64.Build.0 = Debug|Any CPU
		{E4A2DDD8-BB38-447C-8B76-62CF55E996F7}.Debug|x86.ActiveCfg = Debug|Any CPU
		{E4A2DDD8-BB38-447C-8B76-62CF55E996F7}.Debug|x86.Build.0 = Debug|Any CPU
		{E4A2DDD8-BB38-447C-8B76-62CF55E996F7}.Release|Any CPU.ActiveCfg = Release|Any CPU
		{E4A2DDD8-BB38-447C-8B76-62CF55E996F7}.Release|Any CPU.Build.0 = Release|Any CPU
		{E4A2DDD8-BB38-447C-8B76-62CF55E996F7}.Release|x64.ActiveCfg = Release|Any CPU
		{E4A2DDD8-BB38-447C-8B76-62CF55E996F7}.Release|x64.Build.0 = Release|Any CPU
		{E4A2DDD8-BB38-447C-8B76-62CF55E996F7}.Release|x86.ActiveCfg = Release|Any CPU
		{E4A2DDD8-BB38-447C-8B76-62CF55E996F7}.Release|x86.Build.0 = Release|Any CPU
		{C1DB82AD-DA85-4BB3-86AF-60185F91B17B}.Debug|Any CPU.ActiveCfg = Debug|Any CPU
		{C1DB82AD-DA85-4BB3-86AF-60185F91B17B}.Debug|Any CPU.Build.0 = Debug|Any CPU
		{C1DB82AD-DA85-4BB3-86AF-60185F91B17B}.Debug|x64.ActiveCfg = Debug|Any CPU
		{C1DB82AD-DA85-4BB3-86AF-60185F91B17B}.Debug|x64.Build.0 = Debug|Any CPU
		{C1DB82AD-DA85-4BB3-86AF-60185F91B17B}.Debug|x86.ActiveCfg = Debug|Any CPU
		{C1DB82AD-DA85-4BB3-86AF-60185F91B17B}.Debug|x86.Build.0 = Debug|Any CPU
		{C1DB82AD-DA85-4BB3-86AF-60185F91B17B}.Release|Any CPU.ActiveCfg = Release|Any CPU
		{C1DB82AD-DA85-4BB3-86AF-60185F91B17B}.Release|Any CPU.Build.0 = Release|Any CPU
		{C1DB82AD-DA85-4BB3-86AF-60185F91B17B}.Release|x64.ActiveCfg = Release|Any CPU
		{C1DB82AD-DA85-4BB3-86AF-60185F91B17B}.Release|x64.Build.0 = Release|Any CPU
		{C1DB82AD-DA85-4BB3-86AF-60185F91B17B}.Release|x86.ActiveCfg = Release|Any CPU
		{C1DB82AD-DA85-4BB3-86AF-60185F91B17B}.Release|x86.Build.0 = Release|Any CPU
		{74883843-E4F6-427C-AC5B-FD3DDDCDA365}.Debug|Any CPU.ActiveCfg = Debug|Any CPU
		{74883843-E4F6-427C-AC5B-FD3DDDCDA365}.Debug|Any CPU.Build.0 = Debug|Any CPU
		{74883843-E4F6-427C-AC5B-FD3DDDCDA365}.Debug|x64.ActiveCfg = Debug|Any CPU
		{74883843-E4F6-427C-AC5B-FD3DDDCDA365}.Debug|x64.Build.0 = Debug|Any CPU
		{74883843-E4F6-427C-AC5B-FD3DDDCDA365}.Debug|x86.ActiveCfg = Debug|Any CPU
		{74883843-E4F6-427C-AC5B-FD3DDDCDA365}.Debug|x86.Build.0 = Debug|Any CPU
		{74883843-E4F6-427C-AC5B-FD3DDDCDA365}.Release|Any CPU.ActiveCfg = Release|Any CPU
		{74883843-E4F6-427C-AC5B-FD3DDDCDA365}.Release|Any CPU.Build.0 = Release|Any CPU
		{74883843-E4F6-427C-AC5B-FD3DDDCDA365}.Release|x64.ActiveCfg = Release|Any CPU
		{74883843-E4F6-427C-AC5B-FD3DDDCDA365}.Release|x64.Build.0 = Release|Any CPU
		{74883843-E4F6-427C-AC5B-FD3DDDCDA365}.Release|x86.ActiveCfg = Release|Any CPU
		{74883843-E4F6-427C-AC5B-FD3DDDCDA365}.Release|x86.Build.0 = Release|Any CPU
	EndGlobalSection
	GlobalSection(SolutionProperties) = preSolution
		HideSolutionNode = FALSE
	EndGlobalSection
	GlobalSection(NestedProjects) = preSolution
		{71D5610B-1951-43A5-81CA-F0EB79EF077C} = {60E83807-8C1A-48A3-9B52-98DD8F504DDD}
		{1839F5AB-5F45-417B-8DD5-5FE4FE9AC5FC} = {60E83807-8C1A-48A3-9B52-98DD8F504DDD}
		{1AE4167B-34CE-4D97-AC69-4CA341CACC79} = {23AC2BB6-2920-4A14-9189-1C0A18BE4105}
		{3F0F30B3-1188-48F4-B2AF-96560589C5CF} = {60E83807-8C1A-48A3-9B52-98DD8F504DDD}
		{94C95F32-E16A-4784-89C5-FA15B4BBDAA8} = {8CBFCAAE-589F-4AC2-96E8-E217070C333A}
		{A3FA3BAA-F7BE-4C73-AC0F-84447D19965E} = {F7D67794-41A1-4F15-A5C1-3037084DB621}
		{4324AADB-A9A0-4322-8BFF-56A991F76CBE} = {8CBFCAAE-589F-4AC2-96E8-E217070C333A}
		{9A359BC7-1544-4B41-B629-E6B8F47A403B} = {8CBFCAAE-589F-4AC2-96E8-E217070C333A}
		{E4A2DDD8-BB38-447C-8B76-62CF55E996F7} = {F181B133-F22C-4BF4-88F6-B96FE5A416FB}
		{C1DB82AD-DA85-4BB3-86AF-60185F91B17B} = {F181B133-F22C-4BF4-88F6-B96FE5A416FB}
		{74883843-E4F6-427C-AC5B-FD3DDDCDA365} = {C78192B6-CBBF-4516-AED7-981812DBCE38}
		{60E83807-8C1A-48A3-9B52-98DD8F504DDD} = {9E96D7D0-6C8F-4EA2-A624-EBED0A0DA908}
		{F181B133-F22C-4BF4-88F6-B96FE5A416FB} = {9E96D7D0-6C8F-4EA2-A624-EBED0A0DA908}
		{23AC2BB6-2920-4A14-9189-1C0A18BE4105} = {28E3ED78-8BB5-423D-9931-6476693AC7DD}
		{8CBFCAAE-589F-4AC2-96E8-E217070C333A} = {D188ABFB-9040-4ECD-B687-449768574931}
		{F7D67794-41A1-4F15-A5C1-3037084DB621} = {35D31F8D-E86D-4E25-AA6D-53AE559F5079}
		{C78192B6-CBBF-4516-AED7-981812DBCE38} = {35D31F8D-E86D-4E25-AA6D-53AE559F5079}
	EndGlobalSection
	GlobalSection(ExtensibilityGlobals) = postSolution
		SolutionGuid = {07A97C25-272F-442B-A653-B42FAE18F88A}
	EndGlobalSection
EndGlobal
