
Microsoft Visual Studio Solution File, Format Version 12.00
# Visual Studio Version 16
VisualStudioVersion = 16.0.30204.135
MinimumVisualStudioVersion = 10.0.40219.1
Project("{2150E333-8FDC-42A3-9474-1A3956D46DE8}") = "src", "src", "{7F3F3D8D-BE4B-461A-A7FD-F69AF32F8723}"
EndProject
Project("{2150E333-8FDC-42A3-9474-1A3956D46DE8}") = "tests", "tests", "{BEE239A1-4AAB-4BB9-A84C-8E797FD06779}"
EndProject
Project("{9A19103F-16F7-4668-BE54-9A1E7A4F7556}") = "Praticis.Framework.AspNetCore.Response", "src\Praticis.Framework.AspNetCore.Response.csproj", "{6E5F1692-840B-41B4-AFA9-D81B7B92A228}"
EndProject
Global
	GlobalSection(SolutionConfigurationPlatforms) = preSolution
		Debug|Any CPU = Debug|Any CPU
		Release|Any CPU = Release|Any CPU
	EndGlobalSection
	GlobalSection(ProjectConfigurationPlatforms) = postSolution
		{6E5F1692-840B-41B4-AFA9-D81B7B92A228}.Debug|Any CPU.ActiveCfg = Debug|Any CPU
		{6E5F1692-840B-41B4-AFA9-D81B7B92A228}.Debug|Any CPU.Build.0 = Debug|Any CPU
		{6E5F1692-840B-41B4-AFA9-D81B7B92A228}.Release|Any CPU.ActiveCfg = Release|Any CPU
		{6E5F1692-840B-41B4-AFA9-D81B7B92A228}.Release|Any CPU.Build.0 = Release|Any CPU
	EndGlobalSection
	GlobalSection(SolutionProperties) = preSolution
		HideSolutionNode = FALSE
	EndGlobalSection
	GlobalSection(NestedProjects) = preSolution
		{6E5F1692-840B-41B4-AFA9-D81B7B92A228} = {7F3F3D8D-BE4B-461A-A7FD-F69AF32F8723}
	EndGlobalSection
	GlobalSection(ExtensibilityGlobals) = postSolution
		SolutionGuid = {D75891FC-DB81-497E-9193-339BBD5C310C}
	EndGlobalSection
EndGlobal
