
Microsoft Visual Studio Solution File, Format Version 12.00
# Visual Studio Version 16
VisualStudioVersion = 16.0.30114.105
MinimumVisualStudioVersion = 10.0.40219.1
Project("{2150E333-8FDC-42A3-9474-1A3956D46DE8}") = "src", "src", "{1E6DC252-9C34-46D6-8CF3-4BF8E37C8545}"
EndProject
Project("{2150E333-8FDC-42A3-9474-1A3956D46DE8}") = "tests", "tests", "{6BD025A8-AB1C-4CE6-820E-4B725D48A1A8}"
EndProject
Project("{9A19103F-16F7-4668-BE54-9A1E7A4F7556}") = "Praticis.Framework.Bus", "src\Praticis.Framework.Bus.csproj", "{8FAB8D69-96D9-4D75-9DDC-23B83D25DFAA}"
EndProject
Project("{9A19103F-16F7-4668-BE54-9A1E7A4F7556}") = "Praticis.Framework.Tests.Bus", "tests\Praticis.Framework.Tests.Bus\Praticis.Framework.Tests.Bus.csproj", "{FD7426F1-0918-40F7-99C2-5D602401115B}"
EndProject
Global
	GlobalSection(SolutionConfigurationPlatforms) = preSolution
		Debug|Any CPU = Debug|Any CPU
		Release|Any CPU = Release|Any CPU
	EndGlobalSection
	GlobalSection(ProjectConfigurationPlatforms) = postSolution
		{8FAB8D69-96D9-4D75-9DDC-23B83D25DFAA}.Debug|Any CPU.ActiveCfg = Debug|Any CPU
		{8FAB8D69-96D9-4D75-9DDC-23B83D25DFAA}.Debug|Any CPU.Build.0 = Debug|Any CPU
		{8FAB8D69-96D9-4D75-9DDC-23B83D25DFAA}.Release|Any CPU.ActiveCfg = Release|Any CPU
		{8FAB8D69-96D9-4D75-9DDC-23B83D25DFAA}.Release|Any CPU.Build.0 = Release|Any CPU
		{FD7426F1-0918-40F7-99C2-5D602401115B}.Debug|Any CPU.ActiveCfg = Debug|Any CPU
		{FD7426F1-0918-40F7-99C2-5D602401115B}.Debug|Any CPU.Build.0 = Debug|Any CPU
		{FD7426F1-0918-40F7-99C2-5D602401115B}.Release|Any CPU.ActiveCfg = Release|Any CPU
		{FD7426F1-0918-40F7-99C2-5D602401115B}.Release|Any CPU.Build.0 = Release|Any CPU
	EndGlobalSection
	GlobalSection(SolutionProperties) = preSolution
		HideSolutionNode = FALSE
	EndGlobalSection
	GlobalSection(NestedProjects) = preSolution
		{8FAB8D69-96D9-4D75-9DDC-23B83D25DFAA} = {1E6DC252-9C34-46D6-8CF3-4BF8E37C8545}
		{FD7426F1-0918-40F7-99C2-5D602401115B} = {6BD025A8-AB1C-4CE6-820E-4B725D48A1A8}
	EndGlobalSection
	GlobalSection(ExtensibilityGlobals) = postSolution
		SolutionGuid = {186650FC-2062-4982-AE0E-324F0FA39900}
	EndGlobalSection
EndGlobal
