
Microsoft Visual Studio Solution File, Format Version 12.00
# Visual Studio Version 16
VisualStudioVersion = 16.0.30204.135
MinimumVisualStudioVersion = 10.0.40219.1
Project("{9A19103F-16F7-4668-BE54-9A1E7A4F7556}") = "Praticis.Framework.Layers.Domain.Abstractions", "src\Praticis.Framework.Layers.Domain.Abstractions.csproj", "{C3F156BE-8EFC-40BD-98E3-6C6E58A3B3E7}"
EndProject
Project("{2150E333-8FDC-42A3-9474-1A3956D46DE8}") = "src", "src", "{31B98A8F-6D71-4EE6-ABF7-E3D838DCC710}"
EndProject
Project("{2150E333-8FDC-42A3-9474-1A3956D46DE8}") = "tests", "tests", "{D46EB0C9-C201-424B-981D-0530D2977462}"
EndProject
Project("{9A19103F-16F7-4668-BE54-9A1E7A4F7556}") = "Praticis.Framework.Tests.Layers.Domain.Abstractions", "tests\Praticis.Framework.Tests.Layers.Domain.Abstractions\Praticis.Framework.Tests.Layers.Domain.Abstractions.csproj", "{B87CD033-ACE7-4EC2-BDD0-5F65AEA617A1}"
EndProject
Global
	GlobalSection(SolutionConfigurationPlatforms) = preSolution
		Debug|Any CPU = Debug|Any CPU
		Release|Any CPU = Release|Any CPU
	EndGlobalSection
	GlobalSection(ProjectConfigurationPlatforms) = postSolution
		{C3F156BE-8EFC-40BD-98E3-6C6E58A3B3E7}.Debug|Any CPU.ActiveCfg = Debug|Any CPU
		{C3F156BE-8EFC-40BD-98E3-6C6E58A3B3E7}.Debug|Any CPU.Build.0 = Debug|Any CPU
		{C3F156BE-8EFC-40BD-98E3-6C6E58A3B3E7}.Release|Any CPU.ActiveCfg = Release|Any CPU
		{C3F156BE-8EFC-40BD-98E3-6C6E58A3B3E7}.Release|Any CPU.Build.0 = Release|Any CPU
		{B87CD033-ACE7-4EC2-BDD0-5F65AEA617A1}.Debug|Any CPU.ActiveCfg = Debug|Any CPU
		{B87CD033-ACE7-4EC2-BDD0-5F65AEA617A1}.Debug|Any CPU.Build.0 = Debug|Any CPU
		{B87CD033-ACE7-4EC2-BDD0-5F65AEA617A1}.Release|Any CPU.ActiveCfg = Release|Any CPU
		{B87CD033-ACE7-4EC2-BDD0-5F65AEA617A1}.Release|Any CPU.Build.0 = Release|Any CPU
	EndGlobalSection
	GlobalSection(SolutionProperties) = preSolution
		HideSolutionNode = FALSE
	EndGlobalSection
	GlobalSection(NestedProjects) = preSolution
		{C3F156BE-8EFC-40BD-98E3-6C6E58A3B3E7} = {31B98A8F-6D71-4EE6-ABF7-E3D838DCC710}
		{B87CD033-ACE7-4EC2-BDD0-5F65AEA617A1} = {D46EB0C9-C201-424B-981D-0530D2977462}
	EndGlobalSection
	GlobalSection(ExtensibilityGlobals) = postSolution
		SolutionGuid = {AA487DAB-CEC5-4AFF-B6BB-58CF9D7ED228}
	EndGlobalSection
EndGlobal
